
Microsoft Visual Studio Solution File, Format Version 12.00
# Visual Studio Version 16
VisualStudioVersion = 25.0.1706.12
MinimumVisualStudioVersion = 10.0.40219.1
Project("{FAE04EC0-301F-11D3-BF4B-00C04F79EFBC}") = "hw20.06", "hw20.06\hw20.06.csproj", "{71D4FE35-3136-48AF-B7F1-DE7B96DBB855}"
EndProject
Global
	GlobalSection(SolutionConfigurationPlatforms) = preSolution
		Debug|Any CPU = Debug|Any CPU
		Release|Any CPU = Release|Any CPU
	EndGlobalSection
	GlobalSection(ProjectConfigurationPlatforms) = postSolution
		{71D4FE35-3136-48AF-B7F1-DE7B96DBB855}.Debug|Any CPU.ActiveCfg = Debug|Any CPU
		{71D4FE35-3136-48AF-B7F1-DE7B96DBB855}.Debug|Any CPU.Build.0 = Debug|Any CPU
		{71D4FE35-3136-48AF-B7F1-DE7B96DBB855}.Release|Any CPU.ActiveCfg = Release|Any CPU
		{71D4FE35-3136-48AF-B7F1-DE7B96DBB855}.Release|Any CPU.Build.0 = Release|Any CPU
	EndGlobalSection
	GlobalSection(SolutionProperties) = preSolution
		HideSolutionNode = FALSE
	EndGlobalSection
	GlobalSection(ExtensibilityGlobals) = postSolution
		SolutionGuid = {AAB74727-696C-44BA-9E24-2D1482AA2D4E}
	EndGlobalSection
EndGlobal
